// !$*UTF8*$!
{
	archiveVersion = 1;
	classes = {
	};
	objectVersion = 55;
	objects = {

/* Begin PBXBuildFile section */
		8A2B4B9F603C4DE90D155CA9 /* Pods_SuperAppKitPlatformDemo.framework in Frameworks */ = {isa = PBXBuildFile; fileRef = 3ABF96E015971AFAD4185B28 /* Pods_SuperAppKitPlatformDemo.framework */; };
		9547917B272C350600BFF2B6 /* AppDelegate.swift in Sources */ = {isa = PBXBuildFile; fileRef = 9547917A272C350600BFF2B6 /* AppDelegate.swift */; };
		9547917F272C350600BFF2B6 /* AuthViewController.swift in Sources */ = {isa = PBXBuildFile; fileRef = 9547917E272C350600BFF2B6 /* AuthViewController.swift */; };
		95479184272C350900BFF2B6 /* Assets.xcassets in Resources */ = {isa = PBXBuildFile; fileRef = 95479183272C350900BFF2B6 /* Assets.xcassets */; };
		95479187272C350900BFF2B6 /* LaunchScreen.storyboard in Resources */ = {isa = PBXBuildFile; fileRef = 95479185272C350900BFF2B6 /* LaunchScreen.storyboard */; };
		95DC267F276220C4004EF489 /* Bundle+AppIcon.swift in Sources */ = {isa = PBXBuildFile; fileRef = 95DC267E276220C4004EF489 /* Bundle+AppIcon.swift */; };
		A2BC59932837E03100F8E7E1 /* LaunchTests.swift in Sources */ = {isa = PBXBuildFile; fileRef = A2BC59922837E03100F8E7E1 /* LaunchTests.swift */; };
/* End PBXBuildFile section */

/* Begin PBXContainerItemProxy section */
		A2BC59942837E03100F8E7E1 /* PBXContainerItemProxy */ = {
			isa = PBXContainerItemProxy;
			containerPortal = 9547916F272C350600BFF2B6 /* Project object */;
			proxyType = 1;
			remoteGlobalIDString = 95479176272C350600BFF2B6;
			remoteInfo = SuperAppKitPlatformDemo;
		};
/* End PBXContainerItemProxy section */

/* Begin PBXFileReference section */
		3ABF96E015971AFAD4185B28 /* Pods_SuperAppKitPlatformDemo.framework */ = {isa = PBXFileReference; explicitFileType = wrapper.framework; includeInIndex = 0; path = Pods_SuperAppKitPlatformDemo.framework; sourceTree = BUILT_PRODUCTS_DIR; };
		8FE226C9430FEA45AB5FB41E /* Pods-SuperAppKitPlatformDemo.release.xcconfig */ = {isa = PBXFileReference; includeInIndex = 1; lastKnownFileType = text.xcconfig; name = "Pods-SuperAppKitPlatformDemo.release.xcconfig"; path = "../Demo/Pods/Target Support Files/Pods-SuperAppKitPlatformDemo/Pods-SuperAppKitPlatformDemo.release.xcconfig"; sourceTree = "<group>"; };
		95479177272C350600BFF2B6 /* SuperAppKitPlatformDemo.app */ = {isa = PBXFileReference; explicitFileType = wrapper.application; includeInIndex = 0; path = SuperAppKitPlatformDemo.app; sourceTree = BUILT_PRODUCTS_DIR; };
		9547917A272C350600BFF2B6 /* AppDelegate.swift */ = {isa = PBXFileReference; lastKnownFileType = sourcecode.swift; path = AppDelegate.swift; sourceTree = "<group>"; };
		9547917E272C350600BFF2B6 /* AuthViewController.swift */ = {isa = PBXFileReference; lastKnownFileType = sourcecode.swift; path = AuthViewController.swift; sourceTree = "<group>"; };
		95479183272C350900BFF2B6 /* Assets.xcassets */ = {isa = PBXFileReference; lastKnownFileType = folder.assetcatalog; path = Assets.xcassets; sourceTree = "<group>"; };
		95479186272C350900BFF2B6 /* Base */ = {isa = PBXFileReference; lastKnownFileType = file.storyboard; name = Base; path = Base.lproj/LaunchScreen.storyboard; sourceTree = "<group>"; };
		95479188272C350900BFF2B6 /* Info.plist */ = {isa = PBXFileReference; lastKnownFileType = text.plist.xml; path = Info.plist; sourceTree = "<group>"; };
		95DC267E276220C4004EF489 /* Bundle+AppIcon.swift */ = {isa = PBXFileReference; lastKnownFileType = sourcecode.swift; path = "Bundle+AppIcon.swift"; sourceTree = "<group>"; };
		A2BC598E2837E03100F8E7E1 /* SuperAppKitPlatformDemoUITests.xctest */ = {isa = PBXFileReference; explicitFileType = wrapper.cfbundle; includeInIndex = 0; path = SuperAppKitPlatformDemoUITests.xctest; sourceTree = BUILT_PRODUCTS_DIR; };
		A2BC59922837E03100F8E7E1 /* LaunchTests.swift */ = {isa = PBXFileReference; lastKnownFileType = sourcecode.swift; path = LaunchTests.swift; sourceTree = "<group>"; };
		A54EF1F37BDEC4148A5B49B1 /* Pods-SuperAppKitPlatformDemo.debug.xcconfig */ = {isa = PBXFileReference; includeInIndex = 1; lastKnownFileType = text.xcconfig; name = "Pods-SuperAppKitPlatformDemo.debug.xcconfig"; path = "../Demo/Pods/Target Support Files/Pods-SuperAppKitPlatformDemo/Pods-SuperAppKitPlatformDemo.debug.xcconfig"; sourceTree = "<group>"; };
/* End PBXFileReference section */

/* Begin PBXFrameworksBuildPhase section */
		95479174272C350600BFF2B6 /* Frameworks */ = {
			isa = PBXFrameworksBuildPhase;
			buildActionMask = 2147483647;
			files = (
				8A2B4B9F603C4DE90D155CA9 /* Pods_SuperAppKitPlatformDemo.framework in Frameworks */,
			);
			runOnlyForDeploymentPostprocessing = 0;
		};
		A2BC598B2837E03100F8E7E1 /* Frameworks */ = {
			isa = PBXFrameworksBuildPhase;
			buildActionMask = 2147483647;
			files = (
			);
			runOnlyForDeploymentPostprocessing = 0;
		};
/* End PBXFrameworksBuildPhase section */

/* Begin PBXGroup section */
		25C4F1E47130AA3D7876A735 /* Pods */ = {
			isa = PBXGroup;
			children = (
				A54EF1F37BDEC4148A5B49B1 /* Pods-SuperAppKitPlatformDemo.debug.xcconfig */,
				8FE226C9430FEA45AB5FB41E /* Pods-SuperAppKitPlatformDemo.release.xcconfig */,
			);
			name = Pods;
			path = ../Pods;
			sourceTree = "<group>";
		};
		69D4987715537EE0321C9541 /* Frameworks */ = {
			isa = PBXGroup;
			children = (
				3ABF96E015971AFAD4185B28 /* Pods_SuperAppKitPlatformDemo.framework */,
			);
			name = Frameworks;
			sourceTree = "<group>";
		};
		9547916E272C350600BFF2B6 = {
			isa = PBXGroup;
			children = (
				95479179272C350600BFF2B6 /* SuperAppKitPlatformDemo */,
				A2BC598F2837E03100F8E7E1 /* SuperAppKitPlatformDemoUITests */,
				95479178272C350600BFF2B6 /* Products */,
				25C4F1E47130AA3D7876A735 /* Pods */,
				69D4987715537EE0321C9541 /* Frameworks */,
			);
			sourceTree = "<group>";
		};
		95479178272C350600BFF2B6 /* Products */ = {
			isa = PBXGroup;
			children = (
				95479177272C350600BFF2B6 /* SuperAppKitPlatformDemo.app */,
				A2BC598E2837E03100F8E7E1 /* SuperAppKitPlatformDemoUITests.xctest */,
			);
			name = Products;
			sourceTree = "<group>";
		};
		95479179272C350600BFF2B6 /* SuperAppKitPlatformDemo */ = {
			isa = PBXGroup;
			children = (
				9547917A272C350600BFF2B6 /* AppDelegate.swift */,
				9547917E272C350600BFF2B6 /* AuthViewController.swift */,
				95DC267E276220C4004EF489 /* Bundle+AppIcon.swift */,
				95479183272C350900BFF2B6 /* Assets.xcassets */,
				95479185272C350900BFF2B6 /* LaunchScreen.storyboard */,
				95479188272C350900BFF2B6 /* Info.plist */,
			);
			path = SuperAppKitPlatformDemo;
			sourceTree = "<group>";
		};
		A2BC598F2837E03100F8E7E1 /* SuperAppKitPlatformDemoUITests */ = {
			isa = PBXGroup;
			children = (
				A2BC59922837E03100F8E7E1 /* LaunchTests.swift */,
			);
			path = SuperAppKitPlatformDemoUITests;
			sourceTree = "<group>";
		};
/* End PBXGroup section */

/* Begin PBXNativeTarget section */
		95479176272C350600BFF2B6 /* SuperAppKitPlatformDemo */ = {
			isa = PBXNativeTarget;
			buildConfigurationList = 9547918B272C350900BFF2B6 /* Build configuration list for PBXNativeTarget "SuperAppKitPlatformDemo" */;
			buildPhases = (
				2C0FD8587963E0D892DAAB80 /* [CP] Check Pods Manifest.lock */,
				95479173272C350600BFF2B6 /* Sources */,
				95479174272C350600BFF2B6 /* Frameworks */,
				95479175272C350600BFF2B6 /* Resources */,
				26CC368D5E9A73A275BAE0AC /* [CP] Embed Pods Frameworks */,
				B5478B9C7D33417F895A0603 /* [CP] Copy Pods Resources */,
			);
			buildRules = (
			);
			dependencies = (
			);
			name = SuperAppKitPlatformDemo;
			productName = SuperAppKitPlatformDemo;
			productReference = 95479177272C350600BFF2B6 /* SuperAppKitPlatformDemo.app */;
			productType = "com.apple.product-type.application";
		};
		A2BC598D2837E03100F8E7E1 /* SuperAppKitPlatformDemoUITests */ = {
			isa = PBXNativeTarget;
			buildConfigurationList = A2BC59982837E03100F8E7E1 /* Build configuration list for PBXNativeTarget "SuperAppKitPlatformDemoUITests" */;
			buildPhases = (
				A2BC598A2837E03100F8E7E1 /* Sources */,
				A2BC598B2837E03100F8E7E1 /* Frameworks */,
				A2BC598C2837E03100F8E7E1 /* Resources */,
			);
			buildRules = (
			);
			dependencies = (
				A2BC59952837E03100F8E7E1 /* PBXTargetDependency */,
			);
			name = SuperAppKitPlatformDemoUITests;
			productName = SuperAppKitPlatformDemoUITests;
			productReference = A2BC598E2837E03100F8E7E1 /* SuperAppKitPlatformDemoUITests.xctest */;
			productType = "com.apple.product-type.bundle.ui-testing";
		};
/* End PBXNativeTarget section */

/* Begin PBXProject section */
		9547916F272C350600BFF2B6 /* Project object */ = {
			isa = PBXProject;
			attributes = {
				BuildIndependentTargetsInParallel = 1;
				LastSwiftUpdateCheck = 1330;
				LastUpgradeCheck = 1300;
				TargetAttributes = {
					95479176272C350600BFF2B6 = {
						CreatedOnToolsVersion = 13.0;
					};
					A2BC598D2837E03100F8E7E1 = {
						CreatedOnToolsVersion = 13.3;
						TestTargetID = 95479176272C350600BFF2B6;
					};
				};
			};
			buildConfigurationList = 95479172272C350600BFF2B6 /* Build configuration list for PBXProject "SuperAppKitPlatformDemo" */;
			compatibilityVersion = "Xcode 13.0";
			developmentRegion = en;
			hasScannedForEncodings = 0;
			knownRegions = (
				en,
				Base,
			);
			mainGroup = 9547916E272C350600BFF2B6;
			productRefGroup = 95479178272C350600BFF2B6 /* Products */;
			projectDirPath = "";
			projectRoot = "";
			targets = (
				95479176272C350600BFF2B6 /* SuperAppKitPlatformDemo */,
				A2BC598D2837E03100F8E7E1 /* SuperAppKitPlatformDemoUITests */,
			);
		};
/* End PBXProject section */

/* Begin PBXResourcesBuildPhase section */
		95479175272C350600BFF2B6 /* Resources */ = {
			isa = PBXResourcesBuildPhase;
			buildActionMask = 2147483647;
			files = (
				95479187272C350900BFF2B6 /* LaunchScreen.storyboard in Resources */,
				95479184272C350900BFF2B6 /* Assets.xcassets in Resources */,
			);
			runOnlyForDeploymentPostprocessing = 0;
		};
		A2BC598C2837E03100F8E7E1 /* Resources */ = {
			isa = PBXResourcesBuildPhase;
			buildActionMask = 2147483647;
			files = (
			);
			runOnlyForDeploymentPostprocessing = 0;
		};
/* End PBXResourcesBuildPhase section */

/* Begin PBXShellScriptBuildPhase section */
		26CC368D5E9A73A275BAE0AC /* [CP] Embed Pods Frameworks */ = {
			isa = PBXShellScriptBuildPhase;
			buildActionMask = 2147483647;
			files = (
			);
			inputFileListPaths = (
				"${PODS_ROOT}/Target Support Files/Pods-SuperAppKitPlatformDemo/Pods-SuperAppKitPlatformDemo-frameworks-${CONFIGURATION}-input-files.xcfilelist",
			);
			name = "[CP] Embed Pods Frameworks";
			outputFileListPaths = (
				"${PODS_ROOT}/Target Support Files/Pods-SuperAppKitPlatformDemo/Pods-SuperAppKitPlatformDemo-frameworks-${CONFIGURATION}-output-files.xcfilelist",
			);
			runOnlyForDeploymentPostprocessing = 0;
			shellPath = /bin/sh;
			shellScript = "\"${PODS_ROOT}/Target Support Files/Pods-SuperAppKitPlatformDemo/Pods-SuperAppKitPlatformDemo-frameworks.sh\"\n";
			showEnvVarsInLog = 0;
		};
		2C0FD8587963E0D892DAAB80 /* [CP] Check Pods Manifest.lock */ = {
			isa = PBXShellScriptBuildPhase;
			buildActionMask = 2147483647;
			files = (
			);
			inputFileListPaths = (
			);
			inputPaths = (
				"${PODS_PODFILE_DIR_PATH}/Podfile.lock",
				"${PODS_ROOT}/Manifest.lock",
			);
			name = "[CP] Check Pods Manifest.lock";
			outputFileListPaths = (
			);
			outputPaths = (
				"$(DERIVED_FILE_DIR)/Pods-SuperAppKitPlatformDemo-checkManifestLockResult.txt",
			);
			runOnlyForDeploymentPostprocessing = 0;
			shellPath = /bin/sh;
			shellScript = "diff \"${PODS_PODFILE_DIR_PATH}/Podfile.lock\" \"${PODS_ROOT}/Manifest.lock\" > /dev/null\nif [ $? != 0 ] ; then\n    # print error to STDERR\n    echo \"error: The sandbox is not in sync with the Podfile.lock. Run 'pod install' or update your CocoaPods installation.\" >&2\n    exit 1\nfi\n# This output is used by Xcode 'outputs' to avoid re-running this script phase.\necho \"SUCCESS\" > \"${SCRIPT_OUTPUT_FILE_0}\"\n";
			showEnvVarsInLog = 0;
		};
		B5478B9C7D33417F895A0603 /* [CP] Copy Pods Resources */ = {
			isa = PBXShellScriptBuildPhase;
			buildActionMask = 2147483647;
			files = (
			);
			inputFileListPaths = (
				"${PODS_ROOT}/Target Support Files/Pods-SuperAppKitPlatformDemo/Pods-SuperAppKitPlatformDemo-resources-${CONFIGURATION}-input-files.xcfilelist",
			);
			name = "[CP] Copy Pods Resources";
			outputFileListPaths = (
				"${PODS_ROOT}/Target Support Files/Pods-SuperAppKitPlatformDemo/Pods-SuperAppKitPlatformDemo-resources-${CONFIGURATION}-output-files.xcfilelist",
			);
			runOnlyForDeploymentPostprocessing = 0;
			shellPath = /bin/sh;
			shellScript = "\"${PODS_ROOT}/Target Support Files/Pods-SuperAppKitPlatformDemo/Pods-SuperAppKitPlatformDemo-resources.sh\"\n";
			showEnvVarsInLog = 0;
		};
/* End PBXShellScriptBuildPhase section */

/* Begin PBXSourcesBuildPhase section */
		95479173272C350600BFF2B6 /* Sources */ = {
			isa = PBXSourcesBuildPhase;
			buildActionMask = 2147483647;
			files = (
				9547917F272C350600BFF2B6 /* AuthViewController.swift in Sources */,
				9547917B272C350600BFF2B6 /* AppDelegate.swift in Sources */,
				95DC267F276220C4004EF489 /* Bundle+AppIcon.swift in Sources */,
			);
			runOnlyForDeploymentPostprocessing = 0;
		};
		A2BC598A2837E03100F8E7E1 /* Sources */ = {
			isa = PBXSourcesBuildPhase;
			buildActionMask = 2147483647;
			files = (
				A2BC59932837E03100F8E7E1 /* LaunchTests.swift in Sources */,
			);
			runOnlyForDeploymentPostprocessing = 0;
		};
/* End PBXSourcesBuildPhase section */

/* Begin PBXTargetDependency section */
		A2BC59952837E03100F8E7E1 /* PBXTargetDependency */ = {
			isa = PBXTargetDependency;
			target = 95479176272C350600BFF2B6 /* SuperAppKitPlatformDemo */;
			targetProxy = A2BC59942837E03100F8E7E1 /* PBXContainerItemProxy */;
		};
/* End PBXTargetDependency section */

/* Begin PBXVariantGroup section */
		95479185272C350900BFF2B6 /* LaunchScreen.storyboard */ = {
			isa = PBXVariantGroup;
			children = (
				95479186272C350900BFF2B6 /* Base */,
			);
			name = LaunchScreen.storyboard;
			sourceTree = "<group>";
		};
/* End PBXVariantGroup section */

/* Begin XCBuildConfiguration section */
		95479189272C350900BFF2B6 /* Debug */ = {
			isa = XCBuildConfiguration;
			buildSettings = {
				ALWAYS_SEARCH_USER_PATHS = NO;
				CLANG_ANALYZER_NONNULL = YES;
				CLANG_ANALYZER_NUMBER_OBJECT_CONVERSION = YES_AGGRESSIVE;
				CLANG_CXX_LANGUAGE_STANDARD = "gnu++17";
				CLANG_CXX_LIBRARY = "libc++";
				CLANG_ENABLE_MODULES = YES;
				CLANG_ENABLE_OBJC_ARC = YES;
				CLANG_ENABLE_OBJC_WEAK = YES;
				CLANG_WARN_BLOCK_CAPTURE_AUTORELEASING = YES;
				CLANG_WARN_BOOL_CONVERSION = YES;
				CLANG_WARN_COMMA = YES;
				CLANG_WARN_CONSTANT_CONVERSION = YES;
				CLANG_WARN_DEPRECATED_OBJC_IMPLEMENTATIONS = YES;
				CLANG_WARN_DIRECT_OBJC_ISA_USAGE = YES_ERROR;
				CLANG_WARN_DOCUMENTATION_COMMENTS = YES;
				CLANG_WARN_EMPTY_BODY = YES;
				CLANG_WARN_ENUM_CONVERSION = YES;
				CLANG_WARN_INFINITE_RECURSION = YES;
				CLANG_WARN_INT_CONVERSION = YES;
				CLANG_WARN_NON_LITERAL_NULL_CONVERSION = YES;
				CLANG_WARN_OBJC_IMPLICIT_RETAIN_SELF = YES;
				CLANG_WARN_OBJC_LITERAL_CONVERSION = YES;
				CLANG_WARN_OBJC_ROOT_CLASS = YES_ERROR;
				CLANG_WARN_QUOTED_INCLUDE_IN_FRAMEWORK_HEADER = YES;
				CLANG_WARN_RANGE_LOOP_ANALYSIS = YES;
				CLANG_WARN_STRICT_PROTOTYPES = YES;
				CLANG_WARN_SUSPICIOUS_MOVE = YES;
				CLANG_WARN_UNGUARDED_AVAILABILITY = YES_AGGRESSIVE;
				CLANG_WARN_UNREACHABLE_CODE = YES;
				CLANG_WARN__DUPLICATE_METHOD_MATCH = YES;
				COPY_PHASE_STRIP = NO;
				DEBUG_INFORMATION_FORMAT = dwarf;
				ENABLE_STRICT_OBJC_MSGSEND = YES;
				ENABLE_TESTABILITY = YES;
				GCC_C_LANGUAGE_STANDARD = gnu11;
				GCC_DYNAMIC_NO_PIC = NO;
				GCC_NO_COMMON_BLOCKS = YES;
				GCC_OPTIMIZATION_LEVEL = 0;
				GCC_PREPROCESSOR_DEFINITIONS = (
					"DEBUG=1",
					"$(inherited)",
				);
				GCC_WARN_64_TO_32_BIT_CONVERSION = YES;
				GCC_WARN_ABOUT_RETURN_TYPE = YES_ERROR;
				GCC_WARN_UNDECLARED_SELECTOR = YES;
				GCC_WARN_UNINITIALIZED_AUTOS = YES_AGGRESSIVE;
				GCC_WARN_UNUSED_FUNCTION = YES;
				GCC_WARN_UNUSED_VARIABLE = YES;
				IPHONEOS_DEPLOYMENT_TARGET = 15.0;
				MTL_ENABLE_DEBUG_INFO = INCLUDE_SOURCE;
				MTL_FAST_MATH = YES;
				ONLY_ACTIVE_ARCH = YES;
				SDKROOT = iphoneos;
				SWIFT_ACTIVE_COMPILATION_CONDITIONS = DEBUG;
				SWIFT_OPTIMIZATION_LEVEL = "-Onone";
			};
			name = Debug;
		};
		9547918A272C350900BFF2B6 /* Release */ = {
			isa = XCBuildConfiguration;
			buildSettings = {
				ALWAYS_SEARCH_USER_PATHS = NO;
				CLANG_ANALYZER_NONNULL = YES;
				CLANG_ANALYZER_NUMBER_OBJECT_CONVERSION = YES_AGGRESSIVE;
				CLANG_CXX_LANGUAGE_STANDARD = "gnu++17";
				CLANG_CXX_LIBRARY = "libc++";
				CLANG_ENABLE_MODULES = YES;
				CLANG_ENABLE_OBJC_ARC = YES;
				CLANG_ENABLE_OBJC_WEAK = YES;
				CLANG_WARN_BLOCK_CAPTURE_AUTORELEASING = YES;
				CLANG_WARN_BOOL_CONVERSION = YES;
				CLANG_WARN_COMMA = YES;
				CLANG_WARN_CONSTANT_CONVERSION = YES;
				CLANG_WARN_DEPRECATED_OBJC_IMPLEMENTATIONS = YES;
				CLANG_WARN_DIRECT_OBJC_ISA_USAGE = YES_ERROR;
				CLANG_WARN_DOCUMENTATION_COMMENTS = YES;
				CLANG_WARN_EMPTY_BODY = YES;
				CLANG_WARN_ENUM_CONVERSION = YES;
				CLANG_WARN_INFINITE_RECURSION = YES;
				CLANG_WARN_INT_CONVERSION = YES;
				CLANG_WARN_NON_LITERAL_NULL_CONVERSION = YES;
				CLANG_WARN_OBJC_IMPLICIT_RETAIN_SELF = YES;
				CLANG_WARN_OBJC_LITERAL_CONVERSION = YES;
				CLANG_WARN_OBJC_ROOT_CLASS = YES_ERROR;
				CLANG_WARN_QUOTED_INCLUDE_IN_FRAMEWORK_HEADER = YES;
				CLANG_WARN_RANGE_LOOP_ANALYSIS = YES;
				CLANG_WARN_STRICT_PROTOTYPES = YES;
				CLANG_WARN_SUSPICIOUS_MOVE = YES;
				CLANG_WARN_UNGUARDED_AVAILABILITY = YES_AGGRESSIVE;
				CLANG_WARN_UNREACHABLE_CODE = YES;
				CLANG_WARN__DUPLICATE_METHOD_MATCH = YES;
				COPY_PHASE_STRIP = NO;
				DEBUG_INFORMATION_FORMAT = "dwarf-with-dsym";
				ENABLE_NS_ASSERTIONS = NO;
				ENABLE_STRICT_OBJC_MSGSEND = YES;
				GCC_C_LANGUAGE_STANDARD = gnu11;
				GCC_NO_COMMON_BLOCKS = YES;
				GCC_WARN_64_TO_32_BIT_CONVERSION = YES;
				GCC_WARN_ABOUT_RETURN_TYPE = YES_ERROR;
				GCC_WARN_UNDECLARED_SELECTOR = YES;
				GCC_WARN_UNINITIALIZED_AUTOS = YES_AGGRESSIVE;
				GCC_WARN_UNUSED_FUNCTION = YES;
				GCC_WARN_UNUSED_VARIABLE = YES;
				IPHONEOS_DEPLOYMENT_TARGET = 15.0;
				MTL_ENABLE_DEBUG_INFO = NO;
				MTL_FAST_MATH = YES;
				SDKROOT = iphoneos;
				SWIFT_COMPILATION_MODE = wholemodule;
				SWIFT_OPTIMIZATION_LEVEL = "-O";
				VALIDATE_PRODUCT = YES;
			};
			name = Release;
		};
		9547918C272C350900BFF2B6 /* Debug */ = {
			isa = XCBuildConfiguration;
			baseConfigurationReference = A54EF1F37BDEC4148A5B49B1 /* Pods-SuperAppKitPlatformDemo.debug.xcconfig */;
			buildSettings = {
				ASSETCATALOG_COMPILER_APPICON_NAME = AppIcon;
				ASSETCATALOG_COMPILER_GLOBAL_ACCENT_COLOR_NAME = AccentColor;
				CODE_SIGN_STYLE = Automatic;
				CURRENT_PROJECT_VERSION = 1;
				DEVELOPMENT_TEAM = W8P5V4C6JE;
				GENERATE_INFOPLIST_FILE = YES;
				INFOPLIST_FILE = SuperAppKitPlatformDemo/Info.plist;
				INFOPLIST_KEY_UIApplicationSupportsIndirectInputEvents = YES;
				INFOPLIST_KEY_UILaunchStoryboardName = LaunchScreen;
				INFOPLIST_KEY_UIRequiresFullScreen = YES;
				INFOPLIST_KEY_UISupportedInterfaceOrientations = UIInterfaceOrientationPortrait;
				INFOPLIST_KEY_UISupportedInterfaceOrientations_iPad = UIInterfaceOrientationPortrait;
				INFOPLIST_KEY_UISupportedInterfaceOrientations_iPhone = UIInterfaceOrientationPortrait;
				IPHONEOS_DEPLOYMENT_TARGET = 11.4;
				LD_RUNPATH_SEARCH_PATHS = (
					"$(inherited)",
					"@executable_path/Frameworks",
				);
				MARKETING_VERSION = 1.0;
				PRODUCT_BUNDLE_IDENTIFIER = vk.com.SuperAppKitPlatformDemo;
				PRODUCT_NAME = "$(TARGET_NAME)";
				SWIFT_EMIT_LOC_STRINGS = YES;
				SWIFT_VERSION = 5.0;
				TARGETED_DEVICE_FAMILY = "1,2";
			};
			name = Debug;
		};
		9547918D272C350900BFF2B6 /* Release */ = {
			isa = XCBuildConfiguration;
			baseConfigurationReference = 8FE226C9430FEA45AB5FB41E /* Pods-SuperAppKitPlatformDemo.release.xcconfig */;
			buildSettings = {
				ASSETCATALOG_COMPILER_APPICON_NAME = AppIcon;
				ASSETCATALOG_COMPILER_GLOBAL_ACCENT_COLOR_NAME = AccentColor;
				CODE_SIGN_STYLE = Automatic;
				CURRENT_PROJECT_VERSION = 1;
				DEVELOPMENT_TEAM = W8P5V4C6JE;
				GENERATE_INFOPLIST_FILE = YES;
				INFOPLIST_FILE = SuperAppKitPlatformDemo/Info.plist;
				INFOPLIST_KEY_UIApplicationSupportsIndirectInputEvents = YES;
				INFOPLIST_KEY_UILaunchStoryboardName = LaunchScreen;
				INFOPLIST_KEY_UIRequiresFullScreen = YES;
				INFOPLIST_KEY_UISupportedInterfaceOrientations = UIInterfaceOrientationPortrait;
				INFOPLIST_KEY_UISupportedInterfaceOrientations_iPad = UIInterfaceOrientationPortrait;
				INFOPLIST_KEY_UISupportedInterfaceOrientations_iPhone = UIInterfaceOrientationPortrait;
				IPHONEOS_DEPLOYMENT_TARGET = 11.4;
				LD_RUNPATH_SEARCH_PATHS = (
					"$(inherited)",
					"@executable_path/Frameworks",
				);
				MARKETING_VERSION = 1.0;
				PRODUCT_BUNDLE_IDENTIFIER = vk.com.SuperAppKitPlatformDemo;
				PRODUCT_NAME = "$(TARGET_NAME)";
				SWIFT_EMIT_LOC_STRINGS = YES;
				SWIFT_VERSION = 5.0;
				TARGETED_DEVICE_FAMILY = "1,2";
			};
			name = Release;
		};
		A2BC59962837E03100F8E7E1 /* Debug */ = {
			isa = XCBuildConfiguration;
			buildSettings = {
				CODE_SIGN_STYLE = Automatic;
				CURRENT_PROJECT_VERSION = 1;
				DEVELOPMENT_TEAM = W8P5V4C6JE;
				GENERATE_INFOPLIST_FILE = YES;
				IPHONEOS_DEPLOYMENT_TARGET = 15.4;
				MARKETING_VERSION = 1.0;
				PRODUCT_BUNDLE_IDENTIFIER = com.vk.superappkit.SuperAppKitPlatformDemoUITests;
				PRODUCT_NAME = "$(TARGET_NAME)";
				SWIFT_EMIT_LOC_STRINGS = NO;
				SWIFT_VERSION = 5.0;
				TARGETED_DEVICE_FAMILY = "1,2";
				TEST_TARGET_NAME = SuperAppKitPlatformDemo;
			};
			name = Debug;
		};
		A2BC59972837E03100F8E7E1 /* Release */ = {
			isa = XCBuildConfiguration;
			buildSettings = {
				CODE_SIGN_STYLE = Automatic;
				CURRENT_PROJECT_VERSION = 1;
				DEVELOPMENT_TEAM = W8P5V4C6JE;
				GENERATE_INFOPLIST_FILE = YES;
				IPHONEOS_DEPLOYMENT_TARGET = 15.4;
				MARKETING_VERSION = 1.0;
				PRODUCT_BUNDLE_IDENTIFIER = com.vk.superappkit.SuperAppKitPlatformDemoUITests;
				PRODUCT_NAME = "$(TARGET_NAME)";
				SWIFT_EMIT_LOC_STRINGS = NO;
				SWIFT_VERSION = 5.0;
				TARGETED_DEVICE_FAMILY = "1,2";
				TEST_TARGET_NAME = SuperAppKitPlatformDemo;
			};
			name = Release;
		};
/* End XCBuildConfiguration section */

/* Begin XCConfigurationList section */
		95479172272C350600BFF2B6 /* Build configuration list for PBXProject "SuperAppKitPlatformDemo" */ = {
			isa = XCConfigurationList;
			buildConfigurations = (
				95479189272C350900BFF2B6 /* Debug */,
				9547918A272C350900BFF2B6 /* Release */,
			);
			defaultConfigurationIsVisible = 0;
			defaultConfigurationName = Release;
		};
		9547918B272C350900BFF2B6 /* Build configuration list for PBXNativeTarget "SuperAppKitPlatformDemo" */ = {
			isa = XCConfigurationList;
			buildConfigurations = (
				9547918C272C350900BFF2B6 /* Debug */,
				9547918D272C350900BFF2B6 /* Release */,
			);
			defaultConfigurationIsVisible = 0;
			defaultConfigurationName = Release;
		};
		A2BC59982837E03100F8E7E1 /* Build configuration list for PBXNativeTarget "SuperAppKitPlatformDemoUITests" */ = {
			isa = XCConfigurationList;
			buildConfigurations = (
				A2BC59962837E03100F8E7E1 /* Debug */,
				A2BC59972837E03100F8E7E1 /* Release */,
			);
			defaultConfigurationIsVisible = 0;
			defaultConfigurationName = Release;
		};
/* End XCConfigurationList section */
	};
	rootObject = 9547916F272C350600BFF2B6 /* Project object */;
}
